
Microsoft Visual Studio Solution File, Format Version 12.00
# Visual Studio Version 16
VisualStudioVersion = 16.0.30804.86
MinimumVisualStudioVersion = 10.0.40219.1
Project("{9A19103F-16F7-4668-BE54-9A1E7A4F7556}") = "cmArt.LibIntegrations", "cmArt.LibIntegrations\cmArt.LibIntegrations.csproj", "{7BC294C0-1E78-4AD1-A5D0-7613718CDCE3}"
EndProject
Project("{9A19103F-16F7-4668-BE54-9A1E7A4F7556}") = "UnitTestUpdateOfCommonFields", "UnitTestUpdateOfCommonFields\UnitTestUpdateOfCommonFields.csproj", "{7AF2FCB7-E4F7-4B86-A79A-FFCB926094E1}"
EndProject
Project("{9A19103F-16F7-4668-BE54-9A1E7A4F7556}") = "cmArt.BevNet", "BevNet\cmArt.BevNet.csproj", "{AB6C1EA9-6D1A-44AC-9C07-28D3A3FCB12A}"
EndProject
Project("{9A19103F-16F7-4668-BE54-9A1E7A4F7556}") = "IntegrationTest_cmArt.LibIntegrations", "IntegrationTest_cmArt.LibIntegrations\IntegrationTest_cmArt.LibIntegrations.csproj", "{B472CF77-FD2A-47A3-961B-84134EEF0D20}"
EndProject
Project("{9A19103F-16F7-4668-BE54-9A1E7A4F7556}") = "cmArt.BevNet.Changes", "cmArt.BevNet.Changes\cmArt.BevNet.Changes.csproj", "{7977CAF7-21DE-449E-9A6E-D3ECC8E4770E}"
EndProject
Project("{9A19103F-16F7-4668-BE54-9A1E7A4F7556}") = "cmArt.System5.Data", "cmArt.System5.Data\cmArt.System5.Data.csproj", "{FF697594-26A8-42AA-B4C0-0D2882657A7B}"
EndProject
Project("{9A19103F-16F7-4668-BE54-9A1E7A4F7556}") = "cmArt.System5.Inventory", "cmArt.System5.Inventory\cmArt.System5.Inventory.csproj", "{6B01A658-03E5-43E4-BF94-93F562A7C4E9}"
EndProject
Project("{FAE04EC0-301F-11D3-BF4B-00C04F79EFBC}") = "UnitTest_cmArt.LibIntegrations", "UnitTest_cmArt.LibIntegrations\UnitTest_cmArt.LibIntegrations.csproj", "{402E393D-8CF4-48EB-AE56-1F1A377C7C55}"
EndProject
Global
	GlobalSection(SolutionConfigurationPlatforms) = preSolution
		Debug|Any CPU = Debug|Any CPU
		Release|Any CPU = Release|Any CPU
	EndGlobalSection
	GlobalSection(ProjectConfigurationPlatforms) = postSolution
		{7BC294C0-1E78-4AD1-A5D0-7613718CDCE3}.Debug|Any CPU.ActiveCfg = Debug|Any CPU
		{7BC294C0-1E78-4AD1-A5D0-7613718CDCE3}.Debug|Any CPU.Build.0 = Debug|Any CPU
		{7BC294C0-1E78-4AD1-A5D0-7613718CDCE3}.Release|Any CPU.ActiveCfg = Release|Any CPU
		{7BC294C0-1E78-4AD1-A5D0-7613718CDCE3}.Release|Any CPU.Build.0 = Release|Any CPU
		{7AF2FCB7-E4F7-4B86-A79A-FFCB926094E1}.Debug|Any CPU.ActiveCfg = Debug|Any CPU
		{7AF2FCB7-E4F7-4B86-A79A-FFCB926094E1}.Debug|Any CPU.Build.0 = Debug|Any CPU
		{7AF2FCB7-E4F7-4B86-A79A-FFCB926094E1}.Release|Any CPU.ActiveCfg = Release|Any CPU
		{7AF2FCB7-E4F7-4B86-A79A-FFCB926094E1}.Release|Any CPU.Build.0 = Release|Any CPU
		{AB6C1EA9-6D1A-44AC-9C07-28D3A3FCB12A}.Debug|Any CPU.ActiveCfg = Debug|Any CPU
		{AB6C1EA9-6D1A-44AC-9C07-28D3A3FCB12A}.Debug|Any CPU.Build.0 = Debug|Any CPU
		{AB6C1EA9-6D1A-44AC-9C07-28D3A3FCB12A}.Release|Any CPU.ActiveCfg = Release|Any CPU
		{AB6C1EA9-6D1A-44AC-9C07-28D3A3FCB12A}.Release|Any CPU.Build.0 = Release|Any CPU
		{B472CF77-FD2A-47A3-961B-84134EEF0D20}.Debug|Any CPU.ActiveCfg = Debug|Any CPU
		{B472CF77-FD2A-47A3-961B-84134EEF0D20}.Debug|Any CPU.Build.0 = Debug|Any CPU
		{B472CF77-FD2A-47A3-961B-84134EEF0D20}.Release|Any CPU.ActiveCfg = Release|Any CPU
		{B472CF77-FD2A-47A3-961B-84134EEF0D20}.Release|Any CPU.Build.0 = Release|Any CPU
		{7977CAF7-21DE-449E-9A6E-D3ECC8E4770E}.Debug|Any CPU.ActiveCfg = Debug|Any CPU
		{7977CAF7-21DE-449E-9A6E-D3ECC8E4770E}.Debug|Any CPU.Build.0 = Debug|Any CPU
		{7977CAF7-21DE-449E-9A6E-D3ECC8E4770E}.Release|Any CPU.ActiveCfg = Release|Any CPU
		{7977CAF7-21DE-449E-9A6E-D3ECC8E4770E}.Release|Any CPU.Build.0 = Release|Any CPU
		{FF697594-26A8-42AA-B4C0-0D2882657A7B}.Debug|Any CPU.ActiveCfg = Debug|Any CPU
		{FF697594-26A8-42AA-B4C0-0D2882657A7B}.Debug|Any CPU.Build.0 = Debug|Any CPU
		{FF697594-26A8-42AA-B4C0-0D2882657A7B}.Release|Any CPU.ActiveCfg = Release|Any CPU
		{FF697594-26A8-42AA-B4C0-0D2882657A7B}.Release|Any CPU.Build.0 = Release|Any CPU
		{6B01A658-03E5-43E4-BF94-93F562A7C4E9}.Debug|Any CPU.ActiveCfg = Debug|Any CPU
		{6B01A658-03E5-43E4-BF94-93F562A7C4E9}.Debug|Any CPU.Build.0 = Debug|Any CPU
		{6B01A658-03E5-43E4-BF94-93F562A7C4E9}.Release|Any CPU.ActiveCfg = Release|Any CPU
		{6B01A658-03E5-43E4-BF94-93F562A7C4E9}.Release|Any CPU.Build.0 = Release|Any CPU
		{402E393D-8CF4-48EB-AE56-1F1A377C7C55}.Debug|Any CPU.ActiveCfg = Debug|Any CPU
		{402E393D-8CF4-48EB-AE56-1F1A377C7C55}.Debug|Any CPU.Build.0 = Debug|Any CPU
		{402E393D-8CF4-48EB-AE56-1F1A377C7C55}.Release|Any CPU.ActiveCfg = Release|Any CPU
		{402E393D-8CF4-48EB-AE56-1F1A377C7C55}.Release|Any CPU.Build.0 = Release|Any CPU
	EndGlobalSection
	GlobalSection(SolutionProperties) = preSolution
		HideSolutionNode = FALSE
	EndGlobalSection
	GlobalSection(ExtensibilityGlobals) = postSolution
		SolutionGuid = {21EFAEED-6761-4552-8E22-987B0B4799F1}
	EndGlobalSection
EndGlobal
